
Microsoft Visual Studio Solution File, Format Version 12.00
# Visual Studio 15
VisualStudioVersion = 15.0.27004.2006
MinimumVisualStudioVersion = 10.0.40219.1
Project("{FAE04EC0-301F-11D3-BF4B-00C04F79EFBC}") = "GitCthulhu", "GitCthulhu\GitCthulhu.csproj", "{BA3DA25E-AEEA-4235-BF24-B998397880EA}"
EndProject
Global
	GlobalSection(SolutionConfigurationPlatforms) = preSolution
		Debug|Any CPU = Debug|Any CPU
		Release|Any CPU = Release|Any CPU
	EndGlobalSection
	GlobalSection(ProjectConfigurationPlatforms) = postSolution
		{BA3DA25E-AEEA-4235-BF24-B998397880EA}.Debug|Any CPU.ActiveCfg = Debug|Any CPU
		{BA3DA25E-AEEA-4235-BF24-B998397880EA}.Debug|Any CPU.Build.0 = Debug|Any CPU
		{BA3DA25E-AEEA-4235-BF24-B998397880EA}.Release|Any CPU.ActiveCfg = Release|Any CPU
		{BA3DA25E-AEEA-4235-BF24-B998397880EA}.Release|Any CPU.Build.0 = Release|Any CPU
	EndGlobalSection
	GlobalSection(SolutionProperties) = preSolution
		HideSolutionNode = FALSE
	EndGlobalSection
	GlobalSection(ExtensibilityGlobals) = postSolution
		SolutionGuid = {B417F675-C570-472D-8D7A-2B62D2DDF937}
	EndGlobalSection
EndGlobal
